
Microsoft Visual Studio Solution File, Format Version 12.00
# Visual Studio Version 17
VisualStudioVersion = 17.1.32210.238
MinimumVisualStudioVersion = 10.0.40219.1
Project("{FAE04EC0-301F-11D3-BF4B-00C04F79EFBC}") = "MatchingGame", "MatchingGame\MatchingGame.csproj", "{3740E9E2-65DD-437F-8A90-0329970337CF}"
EndProject
Global
	GlobalSection(SolutionConfigurationPlatforms) = preSolution
		Debug|Any CPU = Debug|Any CPU
		Release|Any CPU = Release|Any CPU
	EndGlobalSection
	GlobalSection(ProjectConfigurationPlatforms) = postSolution
		{3740E9E2-65DD-437F-8A90-0329970337CF}.Debug|Any CPU.ActiveCfg = Debug|Any CPU
		{3740E9E2-65DD-437F-8A90-0329970337CF}.Debug|Any CPU.Build.0 = Debug|Any CPU
		{3740E9E2-65DD-437F-8A90-0329970337CF}.Release|Any CPU.ActiveCfg = Release|Any CPU
		{3740E9E2-65DD-437F-8A90-0329970337CF}.Release|Any CPU.Build.0 = Release|Any CPU
	EndGlobalSection
	GlobalSection(SolutionProperties) = preSolution
		HideSolutionNode = FALSE
	EndGlobalSection
	GlobalSection(ExtensibilityGlobals) = postSolution
		SolutionGuid = {F4913598-ED26-4CCE-A265-01ACCF14ED48}
	EndGlobalSection
EndGlobal
